
Microsoft Visual Studio Solution File, Format Version 12.00
# Visual Studio Version 16
VisualStudioVersion = 16.0.31624.102
MinimumVisualStudioVersion = 10.0.40219.1
Project("{FAE04EC0-301F-11D3-BF4B-00C04F79EFBC}") = "Zhalobobot.Bot", "src\Zhalobobot.Bot\Zhalobobot.Bot.csproj", "{647E886F-068D-44F0-A9A1-0074062B4D71}"
EndProject
Project("{FAE04EC0-301F-11D3-BF4B-00C04F79EFBC}") = "Zhalobobot.Common.Models", "Zhalobobot.Common.Models\Zhalobobot.Common.Models.csproj", "{DBED8A94-3800-4920-AF61-82CA9383B5C5}"
EndProject
Project("{FAE04EC0-301F-11D3-BF4B-00C04F79EFBC}") = "Zhalobobot.Api.Server", "Zhalobobot.Api.Server\Zhalobobot.Api.Server.csproj", "{3DB1DCB1-AD60-49D1-8794-C2C9503AA68B}"
EndProject
Project("{FAE04EC0-301F-11D3-BF4B-00C04F79EFBC}") = "Zhalobobot.Common.Clients", "Zhalobobot.Common.Clients\Zhalobobot.Common.Clients.csproj", "{D36EE8A6-0E91-407E-8522-4F6F61C48820}"
EndProject
Project("{FAE04EC0-301F-11D3-BF4B-00C04F79EFBC}") = "Zhalobobot.Common.Helpers", "Zhalobobot.Common.Helpers\Zhalobobot.Common.Helpers.csproj", "{6A1E7456-A32F-4197-8863-6BB78706FF72}"
EndProject
Project("{FAE04EC0-301F-11D3-BF4B-00C04F79EFBC}") = "Zhalobobot.Tests", "Zhalobobot.Tests\Zhalobobot.Tests.csproj", "{87C2EE2D-4274-4751-AD65-EEDE1E33680D}"
EndProject
Global
	GlobalSection(SolutionConfigurationPlatforms) = preSolution
		Debug|Any CPU = Debug|Any CPU
		Release|Any CPU = Release|Any CPU
	EndGlobalSection
	GlobalSection(ProjectConfigurationPlatforms) = postSolution
		{647E886F-068D-44F0-A9A1-0074062B4D71}.Debug|Any CPU.ActiveCfg = Debug|Any CPU
		{647E886F-068D-44F0-A9A1-0074062B4D71}.Debug|Any CPU.Build.0 = Debug|Any CPU
		{647E886F-068D-44F0-A9A1-0074062B4D71}.Release|Any CPU.ActiveCfg = Release|Any CPU
		{647E886F-068D-44F0-A9A1-0074062B4D71}.Release|Any CPU.Build.0 = Release|Any CPU
		{DBED8A94-3800-4920-AF61-82CA9383B5C5}.Debug|Any CPU.ActiveCfg = Debug|Any CPU
		{DBED8A94-3800-4920-AF61-82CA9383B5C5}.Debug|Any CPU.Build.0 = Debug|Any CPU
		{DBED8A94-3800-4920-AF61-82CA9383B5C5}.Release|Any CPU.ActiveCfg = Release|Any CPU
		{DBED8A94-3800-4920-AF61-82CA9383B5C5}.Release|Any CPU.Build.0 = Release|Any CPU
		{3DB1DCB1-AD60-49D1-8794-C2C9503AA68B}.Debug|Any CPU.ActiveCfg = Debug|Any CPU
		{3DB1DCB1-AD60-49D1-8794-C2C9503AA68B}.Debug|Any CPU.Build.0 = Debug|Any CPU
		{3DB1DCB1-AD60-49D1-8794-C2C9503AA68B}.Release|Any CPU.ActiveCfg = Release|Any CPU
		{3DB1DCB1-AD60-49D1-8794-C2C9503AA68B}.Release|Any CPU.Build.0 = Release|Any CPU
		{D36EE8A6-0E91-407E-8522-4F6F61C48820}.Debug|Any CPU.ActiveCfg = Debug|Any CPU
		{D36EE8A6-0E91-407E-8522-4F6F61C48820}.Debug|Any CPU.Build.0 = Debug|Any CPU
		{D36EE8A6-0E91-407E-8522-4F6F61C48820}.Release|Any CPU.ActiveCfg = Release|Any CPU
		{D36EE8A6-0E91-407E-8522-4F6F61C48820}.Release|Any CPU.Build.0 = Release|Any CPU
		{6A1E7456-A32F-4197-8863-6BB78706FF72}.Debug|Any CPU.ActiveCfg = Debug|Any CPU
		{6A1E7456-A32F-4197-8863-6BB78706FF72}.Debug|Any CPU.Build.0 = Debug|Any CPU
		{6A1E7456-A32F-4197-8863-6BB78706FF72}.Release|Any CPU.ActiveCfg = Release|Any CPU
		{6A1E7456-A32F-4197-8863-6BB78706FF72}.Release|Any CPU.Build.0 = Release|Any CPU
		{87C2EE2D-4274-4751-AD65-EEDE1E33680D}.Debug|Any CPU.ActiveCfg = Debug|Any CPU
		{87C2EE2D-4274-4751-AD65-EEDE1E33680D}.Debug|Any CPU.Build.0 = Debug|Any CPU
		{87C2EE2D-4274-4751-AD65-EEDE1E33680D}.Release|Any CPU.ActiveCfg = Release|Any CPU
		{87C2EE2D-4274-4751-AD65-EEDE1E33680D}.Release|Any CPU.Build.0 = Release|Any CPU
	EndGlobalSection
	GlobalSection(SolutionProperties) = preSolution
		HideSolutionNode = FALSE
	EndGlobalSection
	GlobalSection(ExtensibilityGlobals) = postSolution
		SolutionGuid = {311A6084-D9CA-47D0-AB64-5B1BE67EEB6E}
	EndGlobalSection
EndGlobal
